
Microsoft Visual Studio Solution File, Format Version 12.00
# Visual Studio Version 17
VisualStudioVersion = 17.9.34607.119
MinimumVisualStudioVersion = 10.0.40219.1
Project("{FAE04EC0-301F-11D3-BF4B-00C04F79EFBC}") = "Observer", "Observer.csproj", "{AE54EFFF-1160-4F11-A672-E568B0D5CC33}"
EndProject
Global
	GlobalSection(SolutionConfigurationPlatforms) = preSolution
		Debug|Any CPU = Debug|Any CPU
		Release|Any CPU = Release|Any CPU
	EndGlobalSection
	GlobalSection(ProjectConfigurationPlatforms) = postSolution
		{AE54EFFF-1160-4F11-A672-E568B0D5CC33}.Debug|Any CPU.ActiveCfg = Debug|Any CPU
		{AE54EFFF-1160-4F11-A672-E568B0D5CC33}.Debug|Any CPU.Build.0 = Debug|Any CPU
		{AE54EFFF-1160-4F11-A672-E568B0D5CC33}.Release|Any CPU.ActiveCfg = Release|Any CPU
		{AE54EFFF-1160-4F11-A672-E568B0D5CC33}.Release|Any CPU.Build.0 = Release|Any CPU
	EndGlobalSection
	GlobalSection(SolutionProperties) = preSolution
		HideSolutionNode = FALSE
	EndGlobalSection
	GlobalSection(ExtensibilityGlobals) = postSolution
		SolutionGuid = {414662C5-D983-4FB0-9A65-479C75ABA2B8}
	EndGlobalSection
EndGlobal
